
Microsoft Visual Studio Solution File, Format Version 12.00
# Visual Studio 14
VisualStudioVersion = 14.0.23107.0
MinimumVisualStudioVersion = 10.0.40219.1
Project("{FAE04EC0-301F-11D3-BF4B-00C04F79EFBC}") = "Sample", "App2\Sample.csproj", "{E4D4B6FB-292D-40D4-9D4D-0CAA235F4621}"
EndProject
Project("{FAE04EC0-301F-11D3-BF4B-00C04F79EFBC}") = "DMYWinRTDatePicker", "DMYWinRTDatePicker\DMYWinRTDatePicker.csproj", "{8C1AF564-97F8-41DB-9ECB-36BF4205A7B5}"
EndProject
Global
	GlobalSection(SolutionConfigurationPlatforms) = preSolution
		Debug|Any CPU = Debug|Any CPU
		Debug|ARM = Debug|ARM
		Debug|x64 = Debug|x64
		Debug|x86 = Debug|x86
		Release|Any CPU = Release|Any CPU
		Release|ARM = Release|ARM
		Release|x64 = Release|x64
		Release|x86 = Release|x86
	EndGlobalSection
	GlobalSection(ProjectConfigurationPlatforms) = postSolution
		{E4D4B6FB-292D-40D4-9D4D-0CAA235F4621}.Debug|Any CPU.ActiveCfg = Debug|x86
		{E4D4B6FB-292D-40D4-9D4D-0CAA235F4621}.Debug|ARM.ActiveCfg = Debug|ARM
		{E4D4B6FB-292D-40D4-9D4D-0CAA235F4621}.Debug|ARM.Build.0 = Debug|ARM
		{E4D4B6FB-292D-40D4-9D4D-0CAA235F4621}.Debug|ARM.Deploy.0 = Debug|ARM
		{E4D4B6FB-292D-40D4-9D4D-0CAA235F4621}.Debug|x64.ActiveCfg = Debug|x64
		{E4D4B6FB-292D-40D4-9D4D-0CAA235F4621}.Debug|x64.Build.0 = Debug|x64
		{E4D4B6FB-292D-40D4-9D4D-0CAA235F4621}.Debug|x64.Deploy.0 = Debug|x64
		{E4D4B6FB-292D-40D4-9D4D-0CAA235F4621}.Debug|x86.ActiveCfg = Debug|x86
		{E4D4B6FB-292D-40D4-9D4D-0CAA235F4621}.Debug|x86.Build.0 = Debug|x86
		{E4D4B6FB-292D-40D4-9D4D-0CAA235F4621}.Debug|x86.Deploy.0 = Debug|x86
		{E4D4B6FB-292D-40D4-9D4D-0CAA235F4621}.Release|Any CPU.ActiveCfg = Release|x86
		{E4D4B6FB-292D-40D4-9D4D-0CAA235F4621}.Release|ARM.ActiveCfg = Release|ARM
		{E4D4B6FB-292D-40D4-9D4D-0CAA235F4621}.Release|ARM.Build.0 = Release|ARM
		{E4D4B6FB-292D-40D4-9D4D-0CAA235F4621}.Release|ARM.Deploy.0 = Release|ARM
		{E4D4B6FB-292D-40D4-9D4D-0CAA235F4621}.Release|x64.ActiveCfg = Release|x64
		{E4D4B6FB-292D-40D4-9D4D-0CAA235F4621}.Release|x64.Build.0 = Release|x64
		{E4D4B6FB-292D-40D4-9D4D-0CAA235F4621}.Release|x64.Deploy.0 = Release|x64
		{E4D4B6FB-292D-40D4-9D4D-0CAA235F4621}.Release|x86.ActiveCfg = Release|x86
		{E4D4B6FB-292D-40D4-9D4D-0CAA235F4621}.Release|x86.Build.0 = Release|x86
		{E4D4B6FB-292D-40D4-9D4D-0CAA235F4621}.Release|x86.Deploy.0 = Release|x86
		{8C1AF564-97F8-41DB-9ECB-36BF4205A7B5}.Debug|Any CPU.ActiveCfg = Debug|Any CPU
		{8C1AF564-97F8-41DB-9ECB-36BF4205A7B5}.Debug|Any CPU.Build.0 = Debug|Any CPU
		{8C1AF564-97F8-41DB-9ECB-36BF4205A7B5}.Debug|ARM.ActiveCfg = Debug|Any CPU
		{8C1AF564-97F8-41DB-9ECB-36BF4205A7B5}.Debug|ARM.Build.0 = Debug|Any CPU
		{8C1AF564-97F8-41DB-9ECB-36BF4205A7B5}.Debug|x64.ActiveCfg = Debug|Any CPU
		{8C1AF564-97F8-41DB-9ECB-36BF4205A7B5}.Debug|x64.Build.0 = Debug|Any CPU
		{8C1AF564-97F8-41DB-9ECB-36BF4205A7B5}.Debug|x86.ActiveCfg = Debug|Any CPU
		{8C1AF564-97F8-41DB-9ECB-36BF4205A7B5}.Debug|x86.Build.0 = Debug|Any CPU
		{8C1AF564-97F8-41DB-9ECB-36BF4205A7B5}.Release|Any CPU.ActiveCfg = Release|Any CPU
		{8C1AF564-97F8-41DB-9ECB-36BF4205A7B5}.Release|Any CPU.Build.0 = Release|Any CPU
		{8C1AF564-97F8-41DB-9ECB-36BF4205A7B5}.Release|ARM.ActiveCfg = Release|Any CPU
		{8C1AF564-97F8-41DB-9ECB-36BF4205A7B5}.Release|ARM.Build.0 = Release|Any CPU
		{8C1AF564-97F8-41DB-9ECB-36BF4205A7B5}.Release|x64.ActiveCfg = Release|Any CPU
		{8C1AF564-97F8-41DB-9ECB-36BF4205A7B5}.Release|x64.Build.0 = Release|Any CPU
		{8C1AF564-97F8-41DB-9ECB-36BF4205A7B5}.Release|x86.ActiveCfg = Release|Any CPU
		{8C1AF564-97F8-41DB-9ECB-36BF4205A7B5}.Release|x86.Build.0 = Release|Any CPU
	EndGlobalSection
	GlobalSection(SolutionProperties) = preSolution
		HideSolutionNode = FALSE
	EndGlobalSection
EndGlobal
